
Microsoft Visual Studio Solution File, Format Version 12.00
# Visual Studio Version 17
VisualStudioVersion = 17.1.32407.343
MinimumVisualStudioVersion = 10.0.40219.1
Project("{FAE04EC0-301F-11D3-BF4B-00C04F79EFBC}") = "UnderstandingWebApplicationsMTA", "UnderstandingWebApplicationsMTA.csproj", "{FFAF72E6-9167-44A4-A690-DCAD36F97BD4}"
EndProject
Project("{FAE04EC0-301F-11D3-BF4B-00C04F79EFBC}") = "WebService", "..\WebService\WebService.csproj", "{A8A7CDAA-E08D-4051-B728-5BF7B0545CC6}"
EndProject
Global
	GlobalSection(SolutionConfigurationPlatforms) = preSolution
		Debug|Any CPU = Debug|Any CPU
		Release|Any CPU = Release|Any CPU
	EndGlobalSection
	GlobalSection(ProjectConfigurationPlatforms) = postSolution
		{FFAF72E6-9167-44A4-A690-DCAD36F97BD4}.Debug|Any CPU.ActiveCfg = Debug|Any CPU
		{FFAF72E6-9167-44A4-A690-DCAD36F97BD4}.Debug|Any CPU.Build.0 = Debug|Any CPU
		{FFAF72E6-9167-44A4-A690-DCAD36F97BD4}.Release|Any CPU.ActiveCfg = Release|Any CPU
		{FFAF72E6-9167-44A4-A690-DCAD36F97BD4}.Release|Any CPU.Build.0 = Release|Any CPU
		{A8A7CDAA-E08D-4051-B728-5BF7B0545CC6}.Debug|Any CPU.ActiveCfg = Debug|Any CPU
		{A8A7CDAA-E08D-4051-B728-5BF7B0545CC6}.Debug|Any CPU.Build.0 = Debug|Any CPU
		{A8A7CDAA-E08D-4051-B728-5BF7B0545CC6}.Release|Any CPU.ActiveCfg = Release|Any CPU
		{A8A7CDAA-E08D-4051-B728-5BF7B0545CC6}.Release|Any CPU.Build.0 = Release|Any CPU
	EndGlobalSection
	GlobalSection(SolutionProperties) = preSolution
		HideSolutionNode = FALSE
	EndGlobalSection
	GlobalSection(ExtensibilityGlobals) = postSolution
		SolutionGuid = {9092C810-B30A-4558-8583-BFDD5786BA35}
	EndGlobalSection
EndGlobal
